
Microsoft Visual Studio Solution File, Format Version 12.00
# Visual Studio 15
VisualStudioVersion = 15.0.28307.572
MinimumVisualStudioVersion = 10.0.40219.1
Project("{9A19103F-16F7-4668-BE54-9A1E7A4F7556}") = "MasterPerform.WebApi", "src\MasterPerform.WebApi\MasterPerform.WebApi.csproj", "{667BF6BD-F599-460B-9E17-99B7E4F542AB}"
EndProject
Project("{FAE04EC0-301F-11D3-BF4B-00C04F79EFBC}") = "MasterPerform.Infrastructure", "src\MasterPerform.Infrastructure\MasterPerform.Infrastructure.csproj", "{744DA9F5-9BD8-46F1-9016-E043F7BA9E30}"
EndProject
Global
	GlobalSection(SolutionConfigurationPlatforms) = preSolution
		Debug|Any CPU = Debug|Any CPU
		Release|Any CPU = Release|Any CPU
	EndGlobalSection
	GlobalSection(ProjectConfigurationPlatforms) = postSolution
		{667BF6BD-F599-460B-9E17-99B7E4F542AB}.Debug|Any CPU.ActiveCfg = Debug|Any CPU
		{667BF6BD-F599-460B-9E17-99B7E4F542AB}.Debug|Any CPU.Build.0 = Debug|Any CPU
		{667BF6BD-F599-460B-9E17-99B7E4F542AB}.Release|Any CPU.ActiveCfg = Release|Any CPU
		{667BF6BD-F599-460B-9E17-99B7E4F542AB}.Release|Any CPU.Build.0 = Release|Any CPU
		{744DA9F5-9BD8-46F1-9016-E043F7BA9E30}.Debug|Any CPU.ActiveCfg = Debug|Any CPU
		{744DA9F5-9BD8-46F1-9016-E043F7BA9E30}.Debug|Any CPU.Build.0 = Debug|Any CPU
		{744DA9F5-9BD8-46F1-9016-E043F7BA9E30}.Release|Any CPU.ActiveCfg = Release|Any CPU
		{744DA9F5-9BD8-46F1-9016-E043F7BA9E30}.Release|Any CPU.Build.0 = Release|Any CPU
	EndGlobalSection
	GlobalSection(SolutionProperties) = preSolution
		HideSolutionNode = FALSE
	EndGlobalSection
	GlobalSection(ExtensibilityGlobals) = postSolution
		SolutionGuid = {969E7245-EDAD-4040-BCB7-B4917CFFAFD8}
	EndGlobalSection
EndGlobal
